// !$*UTF8*$!
{
	archiveVersion = 1;
	classes = {
	};
	objectVersion = 50;
	objects = {

/* Begin PBXBuildFile section */
		AD00151F2366EBF3003EFF50 /* DrawQQVC.m in Sources */ = {isa = PBXBuildFile; fileRef = AD00151E2366EBF3003EFF50 /* DrawQQVC.m */; };
		AD00152223670DE5003EFF50 /* ProgressVC.m in Sources */ = {isa = PBXBuildFile; fileRef = AD00152123670DE5003EFF50 /* ProgressVC.m */; };
		AD001524236735CF003EFF50 /* CAShapeLayer.md in Resources */ = {isa = PBXBuildFile; fileRef = AD001523236735CF003EFF50 /* CAShapeLayer.md */; };
		AD27154023704A21004DFEAB /* TransitionAnimation.png in Resources */ = {isa = PBXBuildFile; fileRef = AD27153823704A21004DFEAB /* TransitionAnimation.png */; };
		AD27154123704A21004DFEAB /* PopAnimation.m in Sources */ = {isa = PBXBuildFile; fileRef = AD27153A23704A21004DFEAB /* PopAnimation.m */; };
		AD27154223704A21004DFEAB /* PushAnimation.m in Sources */ = {isa = PBXBuildFile; fileRef = AD27153B23704A21004DFEAB /* PushAnimation.m */; };
		AD27154323704A21004DFEAB /* TransitioningVC_A.m in Sources */ = {isa = PBXBuildFile; fileRef = AD27153C23704A21004DFEAB /* TransitioningVC_A.m */; };
		AD27154423704A21004DFEAB /* TransitioningVC_B.m in Sources */ = {isa = PBXBuildFile; fileRef = AD27153E23704A21004DFEAB /* TransitioningVC_B.m */; };
		AD27154723704A4E004DFEAB /* BarrageVC.m in Sources */ = {isa = PBXBuildFile; fileRef = AD27154623704A4E004DFEAB /* BarrageVC.m */; };
		AD27154A23704B2F004DFEAB /* BarrageView.m in Sources */ = {isa = PBXBuildFile; fileRef = AD27154923704B2F004DFEAB /* BarrageView.m */; };
		AD27154D23704B3B004DFEAB /* BarrageItem.m in Sources */ = {isa = PBXBuildFile; fileRef = AD27154C23704B3B004DFEAB /* BarrageItem.m */; };
		AD271551237068E5004DFEAB /* UIView+Layout.m in Sources */ = {isa = PBXBuildFile; fileRef = AD271550237068E5004DFEAB /* UIView+Layout.m */; };
		AD2715982371182D004DFEAB /* RefactorDestructVC.m in Sources */ = {isa = PBXBuildFile; fileRef = AD2715972371182D004DFEAB /* RefactorDestructVC.m */; };
		AD506AB4237C505300782CC8 /* TransitioningVC_C.m in Sources */ = {isa = PBXBuildFile; fileRef = AD506AB3237C505300782CC8 /* TransitioningVC_C.m */; };
		AD65B6BB236135780007D3DC /* AppDelegate.m in Sources */ = {isa = PBXBuildFile; fileRef = AD65B6BA236135780007D3DC /* AppDelegate.m */; };
		AD65B6C1236135780007D3DC /* Basic.storyboard in Resources */ = {isa = PBXBuildFile; fileRef = AD65B6BF236135780007D3DC /* Basic.storyboard */; };
		AD65B6C32361357B0007D3DC /* Assets.xcassets in Resources */ = {isa = PBXBuildFile; fileRef = AD65B6C22361357B0007D3DC /* Assets.xcassets */; };
		AD65B6C62361357B0007D3DC /* LaunchScreen.storyboard in Resources */ = {isa = PBXBuildFile; fileRef = AD65B6C42361357B0007D3DC /* LaunchScreen.storyboard */; };
		AD65B6C92361357B0007D3DC /* main.m in Sources */ = {isa = PBXBuildFile; fileRef = AD65B6C82361357B0007D3DC /* main.m */; };
		AD65B6D32361357B0007D3DC /* iOSAnimationTests.m in Sources */ = {isa = PBXBuildFile; fileRef = AD65B6D22361357B0007D3DC /* iOSAnimationTests.m */; };
		AD65B6DE2361357B0007D3DC /* iOSAnimationUITests.m in Sources */ = {isa = PBXBuildFile; fileRef = AD65B6DD2361357B0007D3DC /* iOSAnimationUITests.m */; };
		AD65B6F4236138180007D3DC /* CALayerVC.m in Sources */ = {isa = PBXBuildFile; fileRef = AD65B6F2236138180007D3DC /* CALayerVC.m */; };
		AD65B6F623613A4C0007D3DC /* CALayer.md in Resources */ = {isa = PBXBuildFile; fileRef = AD65B6F523613A4C0007D3DC /* CALayer.md */; };
		AD65B6F823613D9B0007D3DC /* anchorPoint.png in Resources */ = {isa = PBXBuildFile; fileRef = AD65B6F723613D9B0007D3DC /* anchorPoint.png */; };
		AD9AA24223616F8C00ABC82F /* DrawLayerInContextVC.m in Sources */ = {isa = PBXBuildFile; fileRef = AD9AA24123616F8C00ABC82F /* DrawLayerInContextVC.m */; };
		AD9AA24B23618CD300ABC82F /* DrawInContextVC.m in Sources */ = {isa = PBXBuildFile; fileRef = AD9AA24A23618CD300ABC82F /* DrawInContextVC.m */; };
		AD9AA25123618E1800ABC82F /* CustomView.m in Sources */ = {isa = PBXBuildFile; fileRef = AD9AA25023618E1800ABC82F /* CustomView.m */; };
		AD9AA25423618E2500ABC82F /* CustomLayer.m in Sources */ = {isa = PBXBuildFile; fileRef = AD9AA25323618E2500ABC82F /* CustomLayer.m */; };
		AD9AA259236194F200ABC82F /* CoreAnimation.md in Resources */ = {isa = PBXBuildFile; fileRef = AD9AA258236194F200ABC82F /* CoreAnimation.md */; };
		AD9AA25D2361968000ABC82F /* Flipping_coordinate.jpg in Resources */ = {isa = PBXBuildFile; fileRef = AD9AA25A2361968000ABC82F /* Flipping_coordinate.jpg */; };
		AD9AA25E2361968000ABC82F /* Quartz_coordinate.jpg in Resources */ = {isa = PBXBuildFile; fileRef = AD9AA25B2361968000ABC82F /* Quartz_coordinate.jpg */; };
		AD9AA25F2361968000ABC82F /* CATransform3D_KeyPaths.jpeg in Resources */ = {isa = PBXBuildFile; fileRef = AD9AA25C2361968000ABC82F /* CATransform3D_KeyPaths.jpeg */; };
		AD9AA26223619B1800ABC82F /* BasicAnimationVC.m in Sources */ = {isa = PBXBuildFile; fileRef = AD9AA26123619B1800ABC82F /* BasicAnimationVC.m */; };
		AD9AA2652361ACC900ABC82F /* KeyFrameAnimationVC.m in Sources */ = {isa = PBXBuildFile; fileRef = AD9AA2642361ACC900ABC82F /* KeyFrameAnimationVC.m */; };
		AD9AA2672361C99000ABC82F /* calculationMode.png in Resources */ = {isa = PBXBuildFile; fileRef = AD9AA2662361C99000ABC82F /* calculationMode.png */; };
		AD9AA26A2361CA5100ABC82F /* AnimationGroupVC.m in Sources */ = {isa = PBXBuildFile; fileRef = AD9AA2692361CA5100ABC82F /* AnimationGroupVC.m */; };
		AD9AA2702361D08900ABC82F /* TransitionAnimationVC.m in Sources */ = {isa = PBXBuildFile; fileRef = AD9AA26F2361D08900ABC82F /* TransitionAnimationVC.m */; };
		AD9AA2732361D59A00ABC82F /* DisplayLinkVC.m in Sources */ = {isa = PBXBuildFile; fileRef = AD9AA2722361D59A00ABC82F /* DisplayLinkVC.m */; };
		AD9AA2772361D82700ABC82F /* SpringAnimationVC.m in Sources */ = {isa = PBXBuildFile; fileRef = AD9AA2762361D82700ABC82F /* SpringAnimationVC.m */; };
		AD9AA2792361D9B000ABC82F /* UIView.md in Resources */ = {isa = PBXBuildFile; fileRef = AD9AA2782361D9B000ABC82F /* UIView.md */; };
		AD9AA27C2361DBF600ABC82F /* KeyframeInViewVC.m in Sources */ = {isa = PBXBuildFile; fileRef = AD9AA27B2361DBF500ABC82F /* KeyframeInViewVC.m */; };
		AD9AA27F2361DEFB00ABC82F /* TransitionInViewVC.m in Sources */ = {isa = PBXBuildFile; fileRef = AD9AA27E2361DEFB00ABC82F /* TransitionInViewVC.m */; };
		AD9AA2822361E4A500ABC82F /* CoreAnimation1.png in Resources */ = {isa = PBXBuildFile; fileRef = AD9AA2802361E4A500ABC82F /* CoreAnimation1.png */; };
		AD9AA2832361E4A500ABC82F /* CoreAnimation2.png in Resources */ = {isa = PBXBuildFile; fileRef = AD9AA2812361E4A500ABC82F /* CoreAnimation2.png */; };
		ADE9B2E82363E7B600B16F2D /* BaseBtnVC.m in Sources */ = {isa = PBXBuildFile; fileRef = ADE9B2E72363E7B600B16F2D /* BaseBtnVC.m */; };
		ADE9B2EE23642FDB00B16F2D /* AffineTransformVC.m in Sources */ = {isa = PBXBuildFile; fileRef = ADE9B2ED23642FDB00B16F2D /* AffineTransformVC.m */; };
		ADE9B2F023643DCA00B16F2D /* Main.storyboard in Resources */ = {isa = PBXBuildFile; fileRef = ADE9B2EF23643DCA00B16F2D /* Main.storyboard */; };
		ADE9B2F223643DDC00B16F2D /* Advance.storyboard in Resources */ = {isa = PBXBuildFile; fileRef = ADE9B2F123643DDC00B16F2D /* Advance.storyboard */; };
		ADE9B30623643FE900B16F2D /* AdvanceNav.m in Sources */ = {isa = PBXBuildFile; fileRef = ADE9B30223643FE900B16F2D /* AdvanceNav.m */; };
		ADE9B30723643FE900B16F2D /* BasicNav.m in Sources */ = {isa = PBXBuildFile; fileRef = ADE9B30323643FE900B16F2D /* BasicNav.m */; };
		ADE9B30D2364403300B16F2D /* BasicRootVC.m in Sources */ = {isa = PBXBuildFile; fileRef = ADE9B30C2364403300B16F2D /* BasicRootVC.m */; };
		ADE9B316236441B700B16F2D /* AdvanceRootVC.m in Sources */ = {isa = PBXBuildFile; fileRef = ADE9B315236441B700B16F2D /* AdvanceRootVC.m */; };
		ADE9B326236445B600B16F2D /* DWBubbleMenuButton.m in Sources */ = {isa = PBXBuildFile; fileRef = ADE9B318236445B600B16F2D /* DWBubbleMenuButton.m */; };
		ADE9B327236445B600B16F2D /* DCPathButton.m in Sources */ = {isa = PBXBuildFile; fileRef = ADE9B31C236445B600B16F2D /* DCPathButton.m */; };
		ADE9B328236445B600B16F2D /* DCPathItemButton.m in Sources */ = {isa = PBXBuildFile; fileRef = ADE9B31E236445B600B16F2D /* DCPathItemButton.m */; };
		ADE9B329236445B600B16F2D /* DCPathCenterButton.m in Sources */ = {isa = PBXBuildFile; fileRef = ADE9B320236445B600B16F2D /* DCPathCenterButton.m */; };
		ADE9B32A236445B600B16F2D /* MCFireworksButton.m in Sources */ = {isa = PBXBuildFile; fileRef = ADE9B322236445B600B16F2D /* MCFireworksButton.m */; };
		ADE9B32B236445B600B16F2D /* MCFireworksView.m in Sources */ = {isa = PBXBuildFile; fileRef = ADE9B323236445B600B16F2D /* MCFireworksView.m */; };
		ADE9B345236445FD00B16F2D /* chooser-moment-icon-camera-highlighted@2x.png in Resources */ = {isa = PBXBuildFile; fileRef = ADE9B32E236445FC00B16F2D /* chooser-moment-icon-camera-highlighted@2x.png */; };
		ADE9B346236445FD00B16F2D /* chooser-moment-icon-place-highlighted@2x.png in Resources */ = {isa = PBXBuildFile; fileRef = ADE9B32F236445FC00B16F2D /* chooser-moment-icon-place-highlighted@2x.png */; };
		ADE9B347236445FD00B16F2D /* chooser-moment-button-highlighted@2x.png in Resources */ = {isa = PBXBuildFile; fileRef = ADE9B330236445FC00B16F2D /* chooser-moment-button-highlighted@2x.png */; };
		ADE9B348236445FD00B16F2D /* chooser-moment-icon-sleep@2x.png in Resources */ = {isa = PBXBuildFile; fileRef = ADE9B331236445FC00B16F2D /* chooser-moment-icon-sleep@2x.png */; };
		ADE9B349236445FD00B16F2D /* chooser-moment-icon-place@2x.png in Resources */ = {isa = PBXBuildFile; fileRef = ADE9B332236445FC00B16F2D /* chooser-moment-icon-place@2x.png */; };
		ADE9B34A236445FD00B16F2D /* chooser-moment-icon-music-highlighted@2x.png in Resources */ = {isa = PBXBuildFile; fileRef = ADE9B333236445FC00B16F2D /* chooser-moment-icon-music-highlighted@2x.png */; };
		ADE9B34B236445FD00B16F2D /* Sparkle.png in Resources */ = {isa = PBXBuildFile; fileRef = ADE9B334236445FC00B16F2D /* Sparkle.png */; };
		ADE9B34C236445FD00B16F2D /* Like-Blue@2x.png in Resources */ = {isa = PBXBuildFile; fileRef = ADE9B335236445FC00B16F2D /* Like-Blue@2x.png */; };
		ADE9B34D236445FD00B16F2D /* chooser-moment-icon-thought-highlighted@2x.png in Resources */ = {isa = PBXBuildFile; fileRef = ADE9B336236445FC00B16F2D /* chooser-moment-icon-thought-highlighted@2x.png */; };
		ADE9B34E236445FD00B16F2D /* Like@2x.png in Resources */ = {isa = PBXBuildFile; fileRef = ADE9B337236445FC00B16F2D /* Like@2x.png */; };
		ADE9B34F236445FD00B16F2D /* chooser-moment-icon-thought@2x.png in Resources */ = {isa = PBXBuildFile; fileRef = ADE9B338236445FC00B16F2D /* chooser-moment-icon-thought@2x.png */; };
		ADE9B350236445FD00B16F2D /* chooser-button-tab@2x.png in Resources */ = {isa = PBXBuildFile; fileRef = ADE9B339236445FC00B16F2D /* chooser-button-tab@2x.png */; };
		ADE9B351236445FD00B16F2D /* chooser-moment-icon-music@2x.png in Resources */ = {isa = PBXBuildFile; fileRef = ADE9B33A236445FC00B16F2D /* chooser-moment-icon-music@2x.png */; };
		ADE9B352236445FD00B16F2D /* chooser-moment-icon-sleep-highlighted@2x.png in Resources */ = {isa = PBXBuildFile; fileRef = ADE9B33B236445FC00B16F2D /* chooser-moment-icon-sleep-highlighted@2x.png */; };
		ADE9B353236445FD00B16F2D /* chooser-moment-icon-camera@2x.png in Resources */ = {isa = PBXBuildFile; fileRef = ADE9B33C236445FC00B16F2D /* chooser-moment-icon-camera@2x.png */; };
		ADE9B354236445FD00B16F2D /* chooser-moment-button@2x.png in Resources */ = {isa = PBXBuildFile; fileRef = ADE9B33D236445FC00B16F2D /* chooser-moment-button@2x.png */; };
		ADE9B355236445FD00B16F2D /* chooser-button-input-highlighted@2x.png in Resources */ = {isa = PBXBuildFile; fileRef = ADE9B33E236445FC00B16F2D /* chooser-button-input-highlighted@2x.png */; };
		ADE9B356236445FD00B16F2D /* chooser-button-tab-highlighted@2x.png in Resources */ = {isa = PBXBuildFile; fileRef = ADE9B33F236445FC00B16F2D /* chooser-button-tab-highlighted@2x.png */; };
		ADE9B357236445FD00B16F2D /* chooser-button-input@2x.png in Resources */ = {isa = PBXBuildFile; fileRef = ADE9B340236445FC00B16F2D /* chooser-button-input@2x.png */; };
		ADE9B358236445FD00B16F2D /* selected.caf in Resources */ = {isa = PBXBuildFile; fileRef = ADE9B342236445FC00B16F2D /* selected.caf */; };
		ADE9B359236445FD00B16F2D /* fold.caf in Resources */ = {isa = PBXBuildFile; fileRef = ADE9B343236445FD00B16F2D /* fold.caf */; };
		ADE9B35A236445FD00B16F2D /* bloom.caf in Resources */ = {isa = PBXBuildFile; fileRef = ADE9B344236445FD00B16F2D /* bloom.caf */; };
/* End PBXBuildFile section */

/* Begin PBXContainerItemProxy section */
		AD65B6CF2361357B0007D3DC /* PBXContainerItemProxy */ = {
			isa = PBXContainerItemProxy;
			containerPortal = AD65B6AE236135780007D3DC /* Project object */;
			proxyType = 1;
			remoteGlobalIDString = AD65B6B5236135780007D3DC;
			remoteInfo = iOSAnimation;
		};
		AD65B6DA2361357B0007D3DC /* PBXContainerItemProxy */ = {
			isa = PBXContainerItemProxy;
			containerPortal = AD65B6AE236135780007D3DC /* Project object */;
			proxyType = 1;
			remoteGlobalIDString = AD65B6B5236135780007D3DC;
			remoteInfo = iOSAnimation;
		};
/* End PBXContainerItemProxy section */

/* Begin PBXFileReference section */
		AD00151D2366EBF3003EFF50 /* DrawQQVC.h */ = {isa = PBXFileReference; lastKnownFileType = sourcecode.c.h; path = DrawQQVC.h; sourceTree = "<group>"; };
		AD00151E2366EBF3003EFF50 /* DrawQQVC.m */ = {isa = PBXFileReference; lastKnownFileType = sourcecode.c.objc; path = DrawQQVC.m; sourceTree = "<group>"; };
		AD00152023670DE5003EFF50 /* ProgressVC.h */ = {isa = PBXFileReference; lastKnownFileType = sourcecode.c.h; path = ProgressVC.h; sourceTree = "<group>"; };
		AD00152123670DE5003EFF50 /* ProgressVC.m */ = {isa = PBXFileReference; lastKnownFileType = sourcecode.c.objc; path = ProgressVC.m; sourceTree = "<group>"; };
		AD001523236735CF003EFF50 /* CAShapeLayer.md */ = {isa = PBXFileReference; lastKnownFileType = net.daringfireball.markdown; path = CAShapeLayer.md; sourceTree = "<group>"; };
		AD27153723704A21004DFEAB /* TransitioningVC_A.h */ = {isa = PBXFileReference; fileEncoding = 4; lastKnownFileType = sourcecode.c.h; path = TransitioningVC_A.h; sourceTree = "<group>"; };
		AD27153823704A21004DFEAB /* TransitionAnimation.png */ = {isa = PBXFileReference; lastKnownFileType = image.png; path = TransitionAnimation.png; sourceTree = "<group>"; };
		AD27153923704A21004DFEAB /* TransitioningVC_B.h */ = {isa = PBXFileReference; fileEncoding = 4; lastKnownFileType = sourcecode.c.h; path = TransitioningVC_B.h; sourceTree = "<group>"; };
		AD27153A23704A21004DFEAB /* PopAnimation.m */ = {isa = PBXFileReference; fileEncoding = 4; lastKnownFileType = sourcecode.c.objc; path = PopAnimation.m; sourceTree = "<group>"; };
		AD27153B23704A21004DFEAB /* PushAnimation.m */ = {isa = PBXFileReference; fileEncoding = 4; lastKnownFileType = sourcecode.c.objc; path = PushAnimation.m; sourceTree = "<group>"; };
		AD27153C23704A21004DFEAB /* TransitioningVC_A.m */ = {isa = PBXFileReference; fileEncoding = 4; lastKnownFileType = sourcecode.c.objc; path = TransitioningVC_A.m; sourceTree = "<group>"; };
		AD27153D23704A21004DFEAB /* PopAnimation.h */ = {isa = PBXFileReference; fileEncoding = 4; lastKnownFileType = sourcecode.c.h; path = PopAnimation.h; sourceTree = "<group>"; };
		AD27153E23704A21004DFEAB /* TransitioningVC_B.m */ = {isa = PBXFileReference; fileEncoding = 4; lastKnownFileType = sourcecode.c.objc; path = TransitioningVC_B.m; sourceTree = "<group>"; };
		AD27153F23704A21004DFEAB /* PushAnimation.h */ = {isa = PBXFileReference; fileEncoding = 4; lastKnownFileType = sourcecode.c.h; path = PushAnimation.h; sourceTree = "<group>"; };
		AD27154523704A4E004DFEAB /* BarrageVC.h */ = {isa = PBXFileReference; lastKnownFileType = sourcecode.c.h; path = BarrageVC.h; sourceTree = "<group>"; };
		AD27154623704A4E004DFEAB /* BarrageVC.m */ = {isa = PBXFileReference; lastKnownFileType = sourcecode.c.objc; path = BarrageVC.m; sourceTree = "<group>"; };
		AD27154823704B2F004DFEAB /* BarrageView.h */ = {isa = PBXFileReference; lastKnownFileType = sourcecode.c.h; path = BarrageView.h; sourceTree = "<group>"; };
		AD27154923704B2F004DFEAB /* BarrageView.m */ = {isa = PBXFileReference; lastKnownFileType = sourcecode.c.objc; path = BarrageView.m; sourceTree = "<group>"; };
		AD27154B23704B3B004DFEAB /* BarrageItem.h */ = {isa = PBXFileReference; lastKnownFileType = sourcecode.c.h; path = BarrageItem.h; sourceTree = "<group>"; };
		AD27154C23704B3B004DFEAB /* BarrageItem.m */ = {isa = PBXFileReference; lastKnownFileType = sourcecode.c.objc; path = BarrageItem.m; sourceTree = "<group>"; };
		AD27154E23704B63004DFEAB /* BarrageItemPTC.h */ = {isa = PBXFileReference; lastKnownFileType = sourcecode.c.h; path = BarrageItemPTC.h; sourceTree = "<group>"; };
		AD27154F237068E5004DFEAB /* UIView+Layout.h */ = {isa = PBXFileReference; fileEncoding = 4; lastKnownFileType = sourcecode.c.h; path = "UIView+Layout.h"; sourceTree = "<group>"; };
		AD271550237068E5004DFEAB /* UIView+Layout.m */ = {isa = PBXFileReference; fileEncoding = 4; lastKnownFileType = sourcecode.c.objc; path = "UIView+Layout.m"; sourceTree = "<group>"; };
		AD2715962371182D004DFEAB /* RefactorDestructVC.h */ = {isa = PBXFileReference; lastKnownFileType = sourcecode.c.h; path = RefactorDestructVC.h; sourceTree = "<group>"; };
		AD2715972371182D004DFEAB /* RefactorDestructVC.m */ = {isa = PBXFileReference; lastKnownFileType = sourcecode.c.objc; path = RefactorDestructVC.m; sourceTree = "<group>"; };
		AD506AB2237C505300782CC8 /* TransitioningVC_C.h */ = {isa = PBXFileReference; lastKnownFileType = sourcecode.c.h; path = TransitioningVC_C.h; sourceTree = "<group>"; };
		AD506AB3237C505300782CC8 /* TransitioningVC_C.m */ = {isa = PBXFileReference; lastKnownFileType = sourcecode.c.objc; path = TransitioningVC_C.m; sourceTree = "<group>"; };
		AD65B6B6236135780007D3DC /* iOSAnimation.app */ = {isa = PBXFileReference; explicitFileType = wrapper.application; includeInIndex = 0; path = iOSAnimation.app; sourceTree = BUILT_PRODUCTS_DIR; };
		AD65B6B9236135780007D3DC /* AppDelegate.h */ = {isa = PBXFileReference; lastKnownFileType = sourcecode.c.h; path = AppDelegate.h; sourceTree = "<group>"; };
		AD65B6BA236135780007D3DC /* AppDelegate.m */ = {isa = PBXFileReference; lastKnownFileType = sourcecode.c.objc; path = AppDelegate.m; sourceTree = "<group>"; };
		AD65B6C0236135780007D3DC /* Base */ = {isa = PBXFileReference; lastKnownFileType = file.storyboard; name = Base; path = Base.lproj/Basic.storyboard; sourceTree = "<group>"; };
		AD65B6C22361357B0007D3DC /* Assets.xcassets */ = {isa = PBXFileReference; lastKnownFileType = folder.assetcatalog; path = Assets.xcassets; sourceTree = "<group>"; };
		AD65B6C52361357B0007D3DC /* Base */ = {isa = PBXFileReference; lastKnownFileType = file.storyboard; name = Base; path = Base.lproj/LaunchScreen.storyboard; sourceTree = "<group>"; };
		AD65B6C72361357B0007D3DC /* Info.plist */ = {isa = PBXFileReference; lastKnownFileType = text.plist.xml; path = Info.plist; sourceTree = "<group>"; };
		AD65B6C82361357B0007D3DC /* main.m */ = {isa = PBXFileReference; lastKnownFileType = sourcecode.c.objc; path = main.m; sourceTree = "<group>"; };
		AD65B6CE2361357B0007D3DC /* iOSAnimationTests.xctest */ = {isa = PBXFileReference; explicitFileType = wrapper.cfbundle; includeInIndex = 0; path = iOSAnimationTests.xctest; sourceTree = BUILT_PRODUCTS_DIR; };
		AD65B6D22361357B0007D3DC /* iOSAnimationTests.m */ = {isa = PBXFileReference; lastKnownFileType = sourcecode.c.objc; path = iOSAnimationTests.m; sourceTree = "<group>"; };
		AD65B6D42361357B0007D3DC /* Info.plist */ = {isa = PBXFileReference; lastKnownFileType = text.plist.xml; path = Info.plist; sourceTree = "<group>"; };
		AD65B6D92361357B0007D3DC /* iOSAnimationUITests.xctest */ = {isa = PBXFileReference; explicitFileType = wrapper.cfbundle; includeInIndex = 0; path = iOSAnimationUITests.xctest; sourceTree = BUILT_PRODUCTS_DIR; };
		AD65B6DD2361357B0007D3DC /* iOSAnimationUITests.m */ = {isa = PBXFileReference; lastKnownFileType = sourcecode.c.objc; path = iOSAnimationUITests.m; sourceTree = "<group>"; };
		AD65B6DF2361357B0007D3DC /* Info.plist */ = {isa = PBXFileReference; lastKnownFileType = text.plist.xml; path = Info.plist; sourceTree = "<group>"; };
		AD65B6F2236138180007D3DC /* CALayerVC.m */ = {isa = PBXFileReference; fileEncoding = 4; lastKnownFileType = sourcecode.c.objc; path = CALayerVC.m; sourceTree = "<group>"; };
		AD65B6F3236138180007D3DC /* CALayerVC.h */ = {isa = PBXFileReference; fileEncoding = 4; lastKnownFileType = sourcecode.c.h; path = CALayerVC.h; sourceTree = "<group>"; };
		AD65B6F523613A4C0007D3DC /* CALayer.md */ = {isa = PBXFileReference; fileEncoding = 4; lastKnownFileType = net.daringfireball.markdown; path = CALayer.md; sourceTree = "<group>"; };
		AD65B6F723613D9B0007D3DC /* anchorPoint.png */ = {isa = PBXFileReference; lastKnownFileType = image.png; path = anchorPoint.png; sourceTree = "<group>"; };
		AD9AA24023616F8C00ABC82F /* DrawLayerInContextVC.h */ = {isa = PBXFileReference; lastKnownFileType = sourcecode.c.h; path = DrawLayerInContextVC.h; sourceTree = "<group>"; };
		AD9AA24123616F8C00ABC82F /* DrawLayerInContextVC.m */ = {isa = PBXFileReference; lastKnownFileType = sourcecode.c.objc; path = DrawLayerInContextVC.m; sourceTree = "<group>"; };
		AD9AA24923618CD300ABC82F /* DrawInContextVC.h */ = {isa = PBXFileReference; lastKnownFileType = sourcecode.c.h; path = DrawInContextVC.h; sourceTree = "<group>"; };
		AD9AA24A23618CD300ABC82F /* DrawInContextVC.m */ = {isa = PBXFileReference; lastKnownFileType = sourcecode.c.objc; path = DrawInContextVC.m; sourceTree = "<group>"; };
		AD9AA24F23618E1800ABC82F /* CustomView.h */ = {isa = PBXFileReference; lastKnownFileType = sourcecode.c.h; path = CustomView.h; sourceTree = "<group>"; };
		AD9AA25023618E1800ABC82F /* CustomView.m */ = {isa = PBXFileReference; lastKnownFileType = sourcecode.c.objc; path = CustomView.m; sourceTree = "<group>"; };
		AD9AA25223618E2500ABC82F /* CustomLayer.h */ = {isa = PBXFileReference; lastKnownFileType = sourcecode.c.h; path = CustomLayer.h; sourceTree = "<group>"; };
		AD9AA25323618E2500ABC82F /* CustomLayer.m */ = {isa = PBXFileReference; lastKnownFileType = sourcecode.c.objc; path = CustomLayer.m; sourceTree = "<group>"; };
		AD9AA258236194F200ABC82F /* CoreAnimation.md */ = {isa = PBXFileReference; fileEncoding = 4; lastKnownFileType = net.daringfireball.markdown; path = CoreAnimation.md; sourceTree = "<group>"; };
		AD9AA25A2361968000ABC82F /* Flipping_coordinate.jpg */ = {isa = PBXFileReference; lastKnownFileType = image.jpeg; path = Flipping_coordinate.jpg; sourceTree = "<group>"; };
		AD9AA25B2361968000ABC82F /* Quartz_coordinate.jpg */ = {isa = PBXFileReference; lastKnownFileType = image.jpeg; path = Quartz_coordinate.jpg; sourceTree = "<group>"; };
		AD9AA25C2361968000ABC82F /* CATransform3D_KeyPaths.jpeg */ = {isa = PBXFileReference; lastKnownFileType = image.jpeg; path = CATransform3D_KeyPaths.jpeg; sourceTree = "<group>"; };
		AD9AA26023619B1800ABC82F /* BasicAnimationVC.h */ = {isa = PBXFileReference; lastKnownFileType = sourcecode.c.h; path = BasicAnimationVC.h; sourceTree = "<group>"; };
		AD9AA26123619B1800ABC82F /* BasicAnimationVC.m */ = {isa = PBXFileReference; lastKnownFileType = sourcecode.c.objc; path = BasicAnimationVC.m; sourceTree = "<group>"; };
		AD9AA2632361ACC900ABC82F /* KeyFrameAnimationVC.h */ = {isa = PBXFileReference; lastKnownFileType = sourcecode.c.h; path = KeyFrameAnimationVC.h; sourceTree = "<group>"; };
		AD9AA2642361ACC900ABC82F /* KeyFrameAnimationVC.m */ = {isa = PBXFileReference; lastKnownFileType = sourcecode.c.objc; path = KeyFrameAnimationVC.m; sourceTree = "<group>"; };
		AD9AA2662361C99000ABC82F /* calculationMode.png */ = {isa = PBXFileReference; lastKnownFileType = image.png; path = calculationMode.png; sourceTree = "<group>"; };
		AD9AA2682361CA5100ABC82F /* AnimationGroupVC.h */ = {isa = PBXFileReference; lastKnownFileType = sourcecode.c.h; path = AnimationGroupVC.h; sourceTree = "<group>"; };
		AD9AA2692361CA5100ABC82F /* AnimationGroupVC.m */ = {isa = PBXFileReference; lastKnownFileType = sourcecode.c.objc; path = AnimationGroupVC.m; sourceTree = "<group>"; };
		AD9AA26E2361D08900ABC82F /* TransitionAnimationVC.h */ = {isa = PBXFileReference; lastKnownFileType = sourcecode.c.h; path = TransitionAnimationVC.h; sourceTree = "<group>"; };
		AD9AA26F2361D08900ABC82F /* TransitionAnimationVC.m */ = {isa = PBXFileReference; lastKnownFileType = sourcecode.c.objc; path = TransitionAnimationVC.m; sourceTree = "<group>"; };
		AD9AA2712361D59A00ABC82F /* DisplayLinkVC.h */ = {isa = PBXFileReference; lastKnownFileType = sourcecode.c.h; path = DisplayLinkVC.h; sourceTree = "<group>"; };
		AD9AA2722361D59A00ABC82F /* DisplayLinkVC.m */ = {isa = PBXFileReference; lastKnownFileType = sourcecode.c.objc; path = DisplayLinkVC.m; sourceTree = "<group>"; };
		AD9AA2752361D82700ABC82F /* SpringAnimationVC.h */ = {isa = PBXFileReference; lastKnownFileType = sourcecode.c.h; path = SpringAnimationVC.h; sourceTree = "<group>"; };
		AD9AA2762361D82700ABC82F /* SpringAnimationVC.m */ = {isa = PBXFileReference; lastKnownFileType = sourcecode.c.objc; path = SpringAnimationVC.m; sourceTree = "<group>"; };
		AD9AA2782361D9B000ABC82F /* UIView.md */ = {isa = PBXFileReference; lastKnownFileType = net.daringfireball.markdown; path = UIView.md; sourceTree = "<group>"; };
		AD9AA27A2361DBF500ABC82F /* KeyframeInViewVC.h */ = {isa = PBXFileReference; lastKnownFileType = sourcecode.c.h; path = KeyframeInViewVC.h; sourceTree = "<group>"; };
		AD9AA27B2361DBF500ABC82F /* KeyframeInViewVC.m */ = {isa = PBXFileReference; lastKnownFileType = sourcecode.c.objc; path = KeyframeInViewVC.m; sourceTree = "<group>"; };
		AD9AA27D2361DEFB00ABC82F /* TransitionInViewVC.h */ = {isa = PBXFileReference; lastKnownFileType = sourcecode.c.h; path = TransitionInViewVC.h; sourceTree = "<group>"; };
		AD9AA27E2361DEFB00ABC82F /* TransitionInViewVC.m */ = {isa = PBXFileReference; lastKnownFileType = sourcecode.c.objc; path = TransitionInViewVC.m; sourceTree = "<group>"; };
		AD9AA2802361E4A500ABC82F /* CoreAnimation1.png */ = {isa = PBXFileReference; lastKnownFileType = image.png; path = CoreAnimation1.png; sourceTree = "<group>"; };
		AD9AA2812361E4A500ABC82F /* CoreAnimation2.png */ = {isa = PBXFileReference; lastKnownFileType = image.png; path = CoreAnimation2.png; sourceTree = "<group>"; };
		ADE9B2E62363E7B600B16F2D /* BaseBtnVC.h */ = {isa = PBXFileReference; lastKnownFileType = sourcecode.c.h; path = BaseBtnVC.h; sourceTree = "<group>"; };
		ADE9B2E72363E7B600B16F2D /* BaseBtnVC.m */ = {isa = PBXFileReference; lastKnownFileType = sourcecode.c.objc; path = BaseBtnVC.m; sourceTree = "<group>"; };
		ADE9B2E92363EB6000B16F2D /* Constants.h */ = {isa = PBXFileReference; lastKnownFileType = sourcecode.c.h; path = Constants.h; sourceTree = "<group>"; };
		ADE9B2EB2363EBCE00B16F2D /* iOSAnimation-PrefixHeader.pch */ = {isa = PBXFileReference; lastKnownFileType = sourcecode.c.h; path = "iOSAnimation-PrefixHeader.pch"; sourceTree = "<group>"; };
		ADE9B2EC23642FDB00B16F2D /* AffineTransformVC.h */ = {isa = PBXFileReference; lastKnownFileType = sourcecode.c.h; path = AffineTransformVC.h; sourceTree = "<group>"; };
		ADE9B2ED23642FDB00B16F2D /* AffineTransformVC.m */ = {isa = PBXFileReference; lastKnownFileType = sourcecode.c.objc; path = AffineTransformVC.m; sourceTree = "<group>"; };
		ADE9B2EF23643DCA00B16F2D /* Main.storyboard */ = {isa = PBXFileReference; lastKnownFileType = file.storyboard; path = Main.storyboard; sourceTree = "<group>"; };
		ADE9B2F123643DDC00B16F2D /* Advance.storyboard */ = {isa = PBXFileReference; lastKnownFileType = file.storyboard; path = Advance.storyboard; sourceTree = "<group>"; };
		ADE9B30223643FE900B16F2D /* AdvanceNav.m */ = {isa = PBXFileReference; fileEncoding = 4; lastKnownFileType = sourcecode.c.objc; path = AdvanceNav.m; sourceTree = "<group>"; };
		ADE9B30323643FE900B16F2D /* BasicNav.m */ = {isa = PBXFileReference; fileEncoding = 4; lastKnownFileType = sourcecode.c.objc; path = BasicNav.m; sourceTree = "<group>"; };
		ADE9B30423643FE900B16F2D /* AdvanceNav.h */ = {isa = PBXFileReference; fileEncoding = 4; lastKnownFileType = sourcecode.c.h; path = AdvanceNav.h; sourceTree = "<group>"; };
		ADE9B30523643FE900B16F2D /* BasicNav.h */ = {isa = PBXFileReference; fileEncoding = 4; lastKnownFileType = sourcecode.c.h; path = BasicNav.h; sourceTree = "<group>"; };
		ADE9B30B2364403300B16F2D /* BasicRootVC.h */ = {isa = PBXFileReference; lastKnownFileType = sourcecode.c.h; path = BasicRootVC.h; sourceTree = "<group>"; };
		ADE9B30C2364403300B16F2D /* BasicRootVC.m */ = {isa = PBXFileReference; lastKnownFileType = sourcecode.c.objc; path = BasicRootVC.m; sourceTree = "<group>"; };
		ADE9B314236441B700B16F2D /* AdvanceRootVC.h */ = {isa = PBXFileReference; lastKnownFileType = sourcecode.c.h; path = AdvanceRootVC.h; sourceTree = "<group>"; };
		ADE9B315236441B700B16F2D /* AdvanceRootVC.m */ = {isa = PBXFileReference; lastKnownFileType = sourcecode.c.objc; path = AdvanceRootVC.m; sourceTree = "<group>"; };
		ADE9B318236445B600B16F2D /* DWBubbleMenuButton.m */ = {isa = PBXFileReference; fileEncoding = 4; lastKnownFileType = sourcecode.c.objc; path = DWBubbleMenuButton.m; sourceTree = "<group>"; };
		ADE9B319236445B600B16F2D /* DWBubbleMenuButton.h */ = {isa = PBXFileReference; fileEncoding = 4; lastKnownFileType = sourcecode.c.h; path = DWBubbleMenuButton.h; sourceTree = "<group>"; };
		ADE9B31B236445B600B16F2D /* DCPathItemButton.h */ = {isa = PBXFileReference; fileEncoding = 4; lastKnownFileType = sourcecode.c.h; path = DCPathItemButton.h; sourceTree = "<group>"; };
		ADE9B31C236445B600B16F2D /* DCPathButton.m */ = {isa = PBXFileReference; fileEncoding = 4; lastKnownFileType = sourcecode.c.objc; path = DCPathButton.m; sourceTree = "<group>"; };
		ADE9B31D236445B600B16F2D /* DCPathCenterButton.h */ = {isa = PBXFileReference; fileEncoding = 4; lastKnownFileType = sourcecode.c.h; path = DCPathCenterButton.h; sourceTree = "<group>"; };
		ADE9B31E236445B600B16F2D /* DCPathItemButton.m */ = {isa = PBXFileReference; fileEncoding = 4; lastKnownFileType = sourcecode.c.objc; path = DCPathItemButton.m; sourceTree = "<group>"; };
		ADE9B31F236445B600B16F2D /* DCPathButton.h */ = {isa = PBXFileReference; fileEncoding = 4; lastKnownFileType = sourcecode.c.h; path = DCPathButton.h; sourceTree = "<group>"; };
		ADE9B320236445B600B16F2D /* DCPathCenterButton.m */ = {isa = PBXFileReference; fileEncoding = 4; lastKnownFileType = sourcecode.c.objc; path = DCPathCenterButton.m; sourceTree = "<group>"; };
		ADE9B322236445B600B16F2D /* MCFireworksButton.m */ = {isa = PBXFileReference; fileEncoding = 4; lastKnownFileType = sourcecode.c.objc; path = MCFireworksButton.m; sourceTree = "<group>"; };
		ADE9B323236445B600B16F2D /* MCFireworksView.m */ = {isa = PBXFileReference; fileEncoding = 4; lastKnownFileType = sourcecode.c.objc; path = MCFireworksView.m; sourceTree = "<group>"; };
		ADE9B324236445B600B16F2D /* MCFireworksButton.h */ = {isa = PBXFileReference; fileEncoding = 4; lastKnownFileType = sourcecode.c.h; path = MCFireworksButton.h; sourceTree = "<group>"; };
		ADE9B325236445B600B16F2D /* MCFireworksView.h */ = {isa = PBXFileReference; fileEncoding = 4; lastKnownFileType = sourcecode.c.h; path = MCFireworksView.h; sourceTree = "<group>"; };
		ADE9B32E236445FC00B16F2D /* chooser-moment-icon-camera-highlighted@2x.png */ = {isa = PBXFileReference; lastKnownFileType = image.png; path = "chooser-moment-icon-camera-highlighted@2x.png"; sourceTree = "<group>"; };
		ADE9B32F236445FC00B16F2D /* chooser-moment-icon-place-highlighted@2x.png */ = {isa = PBXFileReference; lastKnownFileType = image.png; path = "chooser-moment-icon-place-highlighted@2x.png"; sourceTree = "<group>"; };
		ADE9B330236445FC00B16F2D /* chooser-moment-button-highlighted@2x.png */ = {isa = PBXFileReference; lastKnownFileType = image.png; path = "chooser-moment-button-highlighted@2x.png"; sourceTree = "<group>"; };
		ADE9B331236445FC00B16F2D /* chooser-moment-icon-sleep@2x.png */ = {isa = PBXFileReference; lastKnownFileType = image.png; path = "chooser-moment-icon-sleep@2x.png"; sourceTree = "<group>"; };
		ADE9B332236445FC00B16F2D /* chooser-moment-icon-place@2x.png */ = {isa = PBXFileReference; lastKnownFileType = image.png; path = "chooser-moment-icon-place@2x.png"; sourceTree = "<group>"; };
		ADE9B333236445FC00B16F2D /* chooser-moment-icon-music-highlighted@2x.png */ = {isa = PBXFileReference; lastKnownFileType = image.png; path = "chooser-moment-icon-music-highlighted@2x.png"; sourceTree = "<group>"; };
		ADE9B334236445FC00B16F2D /* Sparkle.png */ = {isa = PBXFileReference; lastKnownFileType = image.png; path = Sparkle.png; sourceTree = "<group>"; };
		ADE9B335236445FC00B16F2D /* Like-Blue@2x.png */ = {isa = PBXFileReference; lastKnownFileType = image.png; path = "Like-Blue@2x.png"; sourceTree = "<group>"; };
		ADE9B336236445FC00B16F2D /* chooser-moment-icon-thought-highlighted@2x.png */ = {isa = PBXFileReference; lastKnownFileType = image.png; path = "chooser-moment-icon-thought-highlighted@2x.png"; sourceTree = "<group>"; };
		ADE9B337236445FC00B16F2D /* Like@2x.png */ = {isa = PBXFileReference; lastKnownFileType = image.png; path = "Like@2x.png"; sourceTree = "<group>"; };
		ADE9B338236445FC00B16F2D /* chooser-moment-icon-thought@2x.png */ = {isa = PBXFileReference; lastKnownFileType = image.png; path = "chooser-moment-icon-thought@2x.png"; sourceTree = "<group>"; };
		ADE9B339236445FC00B16F2D /* chooser-button-tab@2x.png */ = {isa = PBXFileReference; lastKnownFileType = image.png; path = "chooser-button-tab@2x.png"; sourceTree = "<group>"; };
		ADE9B33A236445FC00B16F2D /* chooser-moment-icon-music@2x.png */ = {isa = PBXFileReference; lastKnownFileType = image.png; path = "chooser-moment-icon-music@2x.png"; sourceTree = "<group>"; };
		ADE9B33B236445FC00B16F2D /* chooser-moment-icon-sleep-highlighted@2x.png */ = {isa = PBXFileReference; lastKnownFileType = image.png; path = "chooser-moment-icon-sleep-highlighted@2x.png"; sourceTree = "<group>"; };
		ADE9B33C236445FC00B16F2D /* chooser-moment-icon-camera@2x.png */ = {isa = PBXFileReference; lastKnownFileType = image.png; path = "chooser-moment-icon-camera@2x.png"; sourceTree = "<group>"; };
		ADE9B33D236445FC00B16F2D /* chooser-moment-button@2x.png */ = {isa = PBXFileReference; lastKnownFileType = image.png; path = "chooser-moment-button@2x.png"; sourceTree = "<group>"; };
		ADE9B33E236445FC00B16F2D /* chooser-button-input-highlighted@2x.png */ = {isa = PBXFileReference; lastKnownFileType = image.png; path = "chooser-button-input-highlighted@2x.png"; sourceTree = "<group>"; };
		ADE9B33F236445FC00B16F2D /* chooser-button-tab-highlighted@2x.png */ = {isa = PBXFileReference; lastKnownFileType = image.png; path = "chooser-button-tab-highlighted@2x.png"; sourceTree = "<group>"; };
		ADE9B340236445FC00B16F2D /* chooser-button-input@2x.png */ = {isa = PBXFileReference; lastKnownFileType = image.png; path = "chooser-button-input@2x.png"; sourceTree = "<group>"; };
		ADE9B342236445FC00B16F2D /* selected.caf */ = {isa = PBXFileReference; lastKnownFileType = file; path = selected.caf; sourceTree = "<group>"; };
		ADE9B343236445FD00B16F2D /* fold.caf */ = {isa = PBXFileReference; lastKnownFileType = file; path = fold.caf; sourceTree = "<group>"; };
		ADE9B344236445FD00B16F2D /* bloom.caf */ = {isa = PBXFileReference; lastKnownFileType = file; path = bloom.caf; sourceTree = "<group>"; };
/* End PBXFileReference section */

/* Begin PBXFrameworksBuildPhase section */
		AD65B6B3236135780007D3DC /* Frameworks */ = {
			isa = PBXFrameworksBuildPhase;
			buildActionMask = 2147483647;
			files = (
			);
			runOnlyForDeploymentPostprocessing = 0;
		};
		AD65B6CB2361357B0007D3DC /* Frameworks */ = {
			isa = PBXFrameworksBuildPhase;
			buildActionMask = 2147483647;
			files = (
			);
			runOnlyForDeploymentPostprocessing = 0;
		};
		AD65B6D62361357B0007D3DC /* Frameworks */ = {
			isa = PBXFrameworksBuildPhase;
			buildActionMask = 2147483647;
			files = (
			);
			runOnlyForDeploymentPostprocessing = 0;
		};
/* End PBXFrameworksBuildPhase section */

/* Begin PBXGroup section */
		AD00151C2366EBCE003EFF50 /* Advance */ = {
			isa = PBXGroup;
			children = (
				AD00151D2366EBF3003EFF50 /* DrawQQVC.h */,
				AD00151E2366EBF3003EFF50 /* DrawQQVC.m */,
				AD00152023670DE5003EFF50 /* ProgressVC.h */,
				AD00152123670DE5003EFF50 /* ProgressVC.m */,
				AD27153623704A21004DFEAB /* TransitionAnimation */,
				AD27153523704A21004DFEAB /* Barrage */,
				AD2715962371182D004DFEAB /* RefactorDestructVC.h */,
				AD2715972371182D004DFEAB /* RefactorDestructVC.m */,
			);
			path = Advance;
			sourceTree = "<group>";
		};
		AD27153523704A21004DFEAB /* Barrage */ = {
			isa = PBXGroup;
			children = (
				AD27154523704A4E004DFEAB /* BarrageVC.h */,
				AD27154623704A4E004DFEAB /* BarrageVC.m */,
				AD27154823704B2F004DFEAB /* BarrageView.h */,
				AD27154923704B2F004DFEAB /* BarrageView.m */,
				AD27154E23704B63004DFEAB /* BarrageItemPTC.h */,
				AD27154B23704B3B004DFEAB /* BarrageItem.h */,
				AD27154C23704B3B004DFEAB /* BarrageItem.m */,
				AD27154F237068E5004DFEAB /* UIView+Layout.h */,
				AD271550237068E5004DFEAB /* UIView+Layout.m */,
			);
			path = Barrage;
			sourceTree = "<group>";
		};
		AD27153623704A21004DFEAB /* TransitionAnimation */ = {
			isa = PBXGroup;
			children = (
				AD27153823704A21004DFEAB /* TransitionAnimation.png */,
				AD27153723704A21004DFEAB /* TransitioningVC_A.h */,
				AD27153C23704A21004DFEAB /* TransitioningVC_A.m */,
				AD27153923704A21004DFEAB /* TransitioningVC_B.h */,
				AD27153E23704A21004DFEAB /* TransitioningVC_B.m */,
				AD27153F23704A21004DFEAB /* PushAnimation.h */,
				AD27153B23704A21004DFEAB /* PushAnimation.m */,
				AD27153D23704A21004DFEAB /* PopAnimation.h */,
				AD27153A23704A21004DFEAB /* PopAnimation.m */,
				AD506AB2237C505300782CC8 /* TransitioningVC_C.h */,
				AD506AB3237C505300782CC8 /* TransitioningVC_C.m */,
			);
			path = TransitionAnimation;
			sourceTree = "<group>";
		};
		AD65B6AD236135780007D3DC = {
			isa = PBXGroup;
			children = (
				AD65B6B8236135780007D3DC /* iOSAnimation */,
				AD65B6D12361357B0007D3DC /* iOSAnimationTests */,
				AD65B6DC2361357B0007D3DC /* iOSAnimationUITests */,
				AD65B6B7236135780007D3DC /* Products */,
			);
			sourceTree = "<group>";
		};
		AD65B6B7236135780007D3DC /* Products */ = {
			isa = PBXGroup;
			children = (
				AD65B6B6236135780007D3DC /* iOSAnimation.app */,
				AD65B6CE2361357B0007D3DC /* iOSAnimationTests.xctest */,
				AD65B6D92361357B0007D3DC /* iOSAnimationUITests.xctest */,
			);
			name = Products;
			sourceTree = "<group>";
		};
		AD65B6B8236135780007D3DC /* iOSAnimation */ = {
			isa = PBXGroup;
			children = (
				AD65B6F1236138180007D3DC /* CALayer */,
				AD9AA2552361935200ABC82F /* CoreAnimation */,
				AD9AA2742361D80F00ABC82F /* UIView */,
				AD00151C2366EBCE003EFF50 /* Advance */,
				AD65B6B9236135780007D3DC /* AppDelegate.h */,
				AD65B6BA236135780007D3DC /* AppDelegate.m */,
				ADE9B30123643FE900B16F2D /* Nav */,
				ADE9B30023643FBC00B16F2D /* Controller */,
				ADE9B2E92363EB6000B16F2D /* Constants.h */,
				ADE9B2EB2363EBCE00B16F2D /* iOSAnimation-PrefixHeader.pch */,
				ADE9B2EF23643DCA00B16F2D /* Main.storyboard */,
				AD65B6BF236135780007D3DC /* Basic.storyboard */,
				ADE9B2F123643DDC00B16F2D /* Advance.storyboard */,
				AD65B6C22361357B0007D3DC /* Assets.xcassets */,
				ADE9B32C236445E800B16F2D /* Resources */,
				ADE9B31A236445B600B16F2D /* DCPathButton */,
				ADE9B317236445B600B16F2D /* DWBubbleMenuButton */,
				ADE9B321236445B600B16F2D /* MCFireworksButton */,
				AD65B6C42361357B0007D3DC /* LaunchScreen.storyboard */,
				AD65B6C72361357B0007D3DC /* Info.plist */,
				AD65B6C82361357B0007D3DC /* main.m */,
			);
			path = iOSAnimation;
			sourceTree = "<group>";
		};
		AD65B6D12361357B0007D3DC /* iOSAnimationTests */ = {
			isa = PBXGroup;
			children = (
				AD65B6D22361357B0007D3DC /* iOSAnimationTests.m */,
				AD65B6D42361357B0007D3DC /* Info.plist */,
			);
			path = iOSAnimationTests;
			sourceTree = "<group>";
		};
		AD65B6DC2361357B0007D3DC /* iOSAnimationUITests */ = {
			isa = PBXGroup;
			children = (
				AD65B6DD2361357B0007D3DC /* iOSAnimationUITests.m */,
				AD65B6DF2361357B0007D3DC /* Info.plist */,
			);
			path = iOSAnimationUITests;
			sourceTree = "<group>";
		};
		AD65B6F1236138180007D3DC /* CALayer */ = {
			isa = PBXGroup;
			children = (
				AD65B6F523613A4C0007D3DC /* CALayer.md */,
				AD001523236735CF003EFF50 /* CAShapeLayer.md */,
				AD65B6F723613D9B0007D3DC /* anchorPoint.png */,
				AD9AA25B2361968000ABC82F /* Quartz_coordinate.jpg */,
				AD9AA25A2361968000ABC82F /* Flipping_coordinate.jpg */,
				AD9AA25C2361968000ABC82F /* CATransform3D_KeyPaths.jpeg */,
				AD65B6F3236138180007D3DC /* CALayerVC.h */,
				AD65B6F2236138180007D3DC /* CALayerVC.m */,
				AD9AA24023616F8C00ABC82F /* DrawLayerInContextVC.h */,
				AD9AA24123616F8C00ABC82F /* DrawLayerInContextVC.m */,
				AD9AA24923618CD300ABC82F /* DrawInContextVC.h */,
				AD9AA24A23618CD300ABC82F /* DrawInContextVC.m */,
				AD9AA24F23618E1800ABC82F /* CustomView.h */,
				AD9AA25023618E1800ABC82F /* CustomView.m */,
				AD9AA25223618E2500ABC82F /* CustomLayer.h */,
				AD9AA25323618E2500ABC82F /* CustomLayer.m */,
			);
			path = CALayer;
			sourceTree = "<group>";
		};
		AD9AA2552361935200ABC82F /* CoreAnimation */ = {
			isa = PBXGroup;
			children = (
				AD9AA2802361E4A500ABC82F /* CoreAnimation1.png */,
				AD9AA2812361E4A500ABC82F /* CoreAnimation2.png */,
				AD9AA2662361C99000ABC82F /* calculationMode.png */,
				AD9AA258236194F200ABC82F /* CoreAnimation.md */,
				AD9AA26023619B1800ABC82F /* BasicAnimationVC.h */,
				AD9AA26123619B1800ABC82F /* BasicAnimationVC.m */,
				AD9AA2632361ACC900ABC82F /* KeyFrameAnimationVC.h */,
				AD9AA2642361ACC900ABC82F /* KeyFrameAnimationVC.m */,
				AD9AA2682361CA5100ABC82F /* AnimationGroupVC.h */,
				AD9AA2692361CA5100ABC82F /* AnimationGroupVC.m */,
				AD9AA26E2361D08900ABC82F /* TransitionAnimationVC.h */,
				AD9AA26F2361D08900ABC82F /* TransitionAnimationVC.m */,
				AD9AA2712361D59A00ABC82F /* DisplayLinkVC.h */,
				AD9AA2722361D59A00ABC82F /* DisplayLinkVC.m */,
			);
			path = CoreAnimation;
			sourceTree = "<group>";
		};
		AD9AA2742361D80F00ABC82F /* UIView */ = {
			isa = PBXGroup;
			children = (
				AD9AA2782361D9B000ABC82F /* UIView.md */,
				AD9AA2752361D82700ABC82F /* SpringAnimationVC.h */,
				AD9AA2762361D82700ABC82F /* SpringAnimationVC.m */,
				AD9AA27A2361DBF500ABC82F /* KeyframeInViewVC.h */,
				AD9AA27B2361DBF500ABC82F /* KeyframeInViewVC.m */,
				AD9AA27D2361DEFB00ABC82F /* TransitionInViewVC.h */,
				AD9AA27E2361DEFB00ABC82F /* TransitionInViewVC.m */,
				ADE9B2EC23642FDB00B16F2D /* AffineTransformVC.h */,
				ADE9B2ED23642FDB00B16F2D /* AffineTransformVC.m */,
			);
			path = UIView;
			sourceTree = "<group>";
		};
		ADE9B30023643FBC00B16F2D /* Controller */ = {
			isa = PBXGroup;
			children = (
				ADE9B30B2364403300B16F2D /* BasicRootVC.h */,
				ADE9B30C2364403300B16F2D /* BasicRootVC.m */,
				ADE9B314236441B700B16F2D /* AdvanceRootVC.h */,
				ADE9B315236441B700B16F2D /* AdvanceRootVC.m */,
				ADE9B2E62363E7B600B16F2D /* BaseBtnVC.h */,
				ADE9B2E72363E7B600B16F2D /* BaseBtnVC.m */,
			);
			path = Controller;
			sourceTree = "<group>";
		};
		ADE9B30123643FE900B16F2D /* Nav */ = {
			isa = PBXGroup;
			children = (
				ADE9B30523643FE900B16F2D /* BasicNav.h */,
				ADE9B30323643FE900B16F2D /* BasicNav.m */,
				ADE9B30423643FE900B16F2D /* AdvanceNav.h */,
				ADE9B30223643FE900B16F2D /* AdvanceNav.m */,
			);
			path = Nav;
			sourceTree = "<group>";
		};
		ADE9B317236445B600B16F2D /* DWBubbleMenuButton */ = {
			isa = PBXGroup;
			children = (
				ADE9B319236445B600B16F2D /* DWBubbleMenuButton.h */,
				ADE9B318236445B600B16F2D /* DWBubbleMenuButton.m */,
			);
			path = DWBubbleMenuButton;
			sourceTree = "<group>";
		};
		ADE9B31A236445B600B16F2D /* DCPathButton */ = {
			isa = PBXGroup;
			children = (
				ADE9B31F236445B600B16F2D /* DCPathButton.h */,
				ADE9B31C236445B600B16F2D /* DCPathButton.m */,
				ADE9B31D236445B600B16F2D /* DCPathCenterButton.h */,
				ADE9B320236445B600B16F2D /* DCPathCenterButton.m */,
				ADE9B31B236445B600B16F2D /* DCPathItemButton.h */,
				ADE9B31E236445B600B16F2D /* DCPathItemButton.m */,
			);
			path = DCPathButton;
			sourceTree = "<group>";
		};
		ADE9B321236445B600B16F2D /* MCFireworksButton */ = {
			isa = PBXGroup;
			children = (
				ADE9B324236445B600B16F2D /* MCFireworksButton.h */,
				ADE9B322236445B600B16F2D /* MCFireworksButton.m */,
				ADE9B325236445B600B16F2D /* MCFireworksView.h */,
				ADE9B323236445B600B16F2D /* MCFireworksView.m */,
			);
			path = MCFireworksButton;
			sourceTree = "<group>";
		};
		ADE9B32C236445E800B16F2D /* Resources */ = {
			isa = PBXGroup;
			children = (
				ADE9B32D236445FC00B16F2D /* image */,
				ADE9B341236445FC00B16F2D /* Sounds */,
			);
			path = Resources;
			sourceTree = "<group>";
		};
		ADE9B32D236445FC00B16F2D /* image */ = {
			isa = PBXGroup;
			children = (
				ADE9B32E236445FC00B16F2D /* chooser-moment-icon-camera-highlighted@2x.png */,
				ADE9B32F236445FC00B16F2D /* chooser-moment-icon-place-highlighted@2x.png */,
				ADE9B330236445FC00B16F2D /* chooser-moment-button-highlighted@2x.png */,
				ADE9B331236445FC00B16F2D /* chooser-moment-icon-sleep@2x.png */,
				ADE9B332236445FC00B16F2D /* chooser-moment-icon-place@2x.png */,
				ADE9B333236445FC00B16F2D /* chooser-moment-icon-music-highlighted@2x.png */,
				ADE9B334236445FC00B16F2D /* Sparkle.png */,
				ADE9B335236445FC00B16F2D /* Like-Blue@2x.png */,
				ADE9B336236445FC00B16F2D /* chooser-moment-icon-thought-highlighted@2x.png */,
				ADE9B337236445FC00B16F2D /* Like@2x.png */,
				ADE9B338236445FC00B16F2D /* chooser-moment-icon-thought@2x.png */,
				ADE9B339236445FC00B16F2D /* chooser-button-tab@2x.png */,
				ADE9B33A236445FC00B16F2D /* chooser-moment-icon-music@2x.png */,
				ADE9B33B236445FC00B16F2D /* chooser-moment-icon-sleep-highlighted@2x.png */,
				ADE9B33C236445FC00B16F2D /* chooser-moment-icon-camera@2x.png */,
				ADE9B33D236445FC00B16F2D /* chooser-moment-button@2x.png */,
				ADE9B33E236445FC00B16F2D /* chooser-button-input-highlighted@2x.png */,
				ADE9B33F236445FC00B16F2D /* chooser-button-tab-highlighted@2x.png */,
				ADE9B340236445FC00B16F2D /* chooser-button-input@2x.png */,
			);
			path = image;
			sourceTree = "<group>";
		};
		ADE9B341236445FC00B16F2D /* Sounds */ = {
			isa = PBXGroup;
			children = (
				ADE9B342236445FC00B16F2D /* selected.caf */,
				ADE9B343236445FD00B16F2D /* fold.caf */,
				ADE9B344236445FD00B16F2D /* bloom.caf */,
			);
			path = Sounds;
			sourceTree = "<group>";
		};
/* End PBXGroup section */

/* Begin PBXNativeTarget section */
		AD65B6B5236135780007D3DC /* iOSAnimation */ = {
			isa = PBXNativeTarget;
			buildConfigurationList = AD65B6E22361357B0007D3DC /* Build configuration list for PBXNativeTarget "iOSAnimation" */;
			buildPhases = (
				AD65B6B2236135780007D3DC /* Sources */,
				AD65B6B3236135780007D3DC /* Frameworks */,
				AD65B6B4236135780007D3DC /* Resources */,
			);
			buildRules = (
			);
			dependencies = (
			);
			name = iOSAnimation;
			productName = iOSAnimation;
			productReference = AD65B6B6236135780007D3DC /* iOSAnimation.app */;
			productType = "com.apple.product-type.application";
		};
		AD65B6CD2361357B0007D3DC /* iOSAnimationTests */ = {
			isa = PBXNativeTarget;
			buildConfigurationList = AD65B6E52361357B0007D3DC /* Build configuration list for PBXNativeTarget "iOSAnimationTests" */;
			buildPhases = (
				AD65B6CA2361357B0007D3DC /* Sources */,
				AD65B6CB2361357B0007D3DC /* Frameworks */,
				AD65B6CC2361357B0007D3DC /* Resources */,
			);
			buildRules = (
			);
			dependencies = (
				AD65B6D02361357B0007D3DC /* PBXTargetDependency */,
			);
			name = iOSAnimationTests;
			productName = iOSAnimationTests;
			productReference = AD65B6CE2361357B0007D3DC /* iOSAnimationTests.xctest */;
			productType = "com.apple.product-type.bundle.unit-test";
		};
		AD65B6D82361357B0007D3DC /* iOSAnimationUITests */ = {
			isa = PBXNativeTarget;
			buildConfigurationList = AD65B6E82361357B0007D3DC /* Build configuration list for PBXNativeTarget "iOSAnimationUITests" */;
			buildPhases = (
				AD65B6D52361357B0007D3DC /* Sources */,
				AD65B6D62361357B0007D3DC /* Frameworks */,
				AD65B6D72361357B0007D3DC /* Resources */,
			);
			buildRules = (
			);
			dependencies = (
				AD65B6DB2361357B0007D3DC /* PBXTargetDependency */,
			);
			name = iOSAnimationUITests;
			productName = iOSAnimationUITests;
			productReference = AD65B6D92361357B0007D3DC /* iOSAnimationUITests.xctest */;
			productType = "com.apple.product-type.bundle.ui-testing";
		};
/* End PBXNativeTarget section */

/* Begin PBXProject section */
		AD65B6AE236135780007D3DC /* Project object */ = {
			isa = PBXProject;
			attributes = {
				LastUpgradeCheck = 1010;
				ORGANIZATIONNAME = D;
				TargetAttributes = {
					AD65B6B5236135780007D3DC = {
						CreatedOnToolsVersion = 10.1;
						LastSwiftMigration = 1010;
					};
					AD65B6CD2361357B0007D3DC = {
						CreatedOnToolsVersion = 10.1;
						TestTargetID = AD65B6B5236135780007D3DC;
					};
					AD65B6D82361357B0007D3DC = {
						CreatedOnToolsVersion = 10.1;
						TestTargetID = AD65B6B5236135780007D3DC;
					};
				};
			};
			buildConfigurationList = AD65B6B1236135780007D3DC /* Build configuration list for PBXProject "iOSAnimation" */;
			compatibilityVersion = "Xcode 9.3";
			developmentRegion = en;
			hasScannedForEncodings = 0;
			knownRegions = (
				en,
				Base,
			);
			mainGroup = AD65B6AD236135780007D3DC;
			productRefGroup = AD65B6B7236135780007D3DC /* Products */;
			projectDirPath = "";
			projectRoot = "";
			targets = (
				AD65B6B5236135780007D3DC /* iOSAnimation */,
				AD65B6CD2361357B0007D3DC /* iOSAnimationTests */,
				AD65B6D82361357B0007D3DC /* iOSAnimationUITests */,
			);
		};
/* End PBXProject section */

/* Begin PBXResourcesBuildPhase section */
		AD65B6B4236135780007D3DC /* Resources */ = {
			isa = PBXResourcesBuildPhase;
			buildActionMask = 2147483647;
			files = (
				AD9AA25E2361968000ABC82F /* Quartz_coordinate.jpg in Resources */,
				AD9AA259236194F200ABC82F /* CoreAnimation.md in Resources */,
				AD9AA25F2361968000ABC82F /* CATransform3D_KeyPaths.jpeg in Resources */,
				AD9AA2832361E4A500ABC82F /* CoreAnimation2.png in Resources */,
				ADE9B350236445FD00B16F2D /* chooser-button-tab@2x.png in Resources */,
				ADE9B347236445FD00B16F2D /* chooser-moment-button-highlighted@2x.png in Resources */,
				ADE9B34E236445FD00B16F2D /* Like@2x.png in Resources */,
				ADE9B345236445FD00B16F2D /* chooser-moment-icon-camera-highlighted@2x.png in Resources */,
				AD65B6C62361357B0007D3DC /* LaunchScreen.storyboard in Resources */,
				ADE9B359236445FD00B16F2D /* fold.caf in Resources */,
				ADE9B352236445FD00B16F2D /* chooser-moment-icon-sleep-highlighted@2x.png in Resources */,
				ADE9B354236445FD00B16F2D /* chooser-moment-button@2x.png in Resources */,
				ADE9B355236445FD00B16F2D /* chooser-button-input-highlighted@2x.png in Resources */,
				ADE9B35A236445FD00B16F2D /* bloom.caf in Resources */,
				ADE9B34D236445FD00B16F2D /* chooser-moment-icon-thought-highlighted@2x.png in Resources */,
				ADE9B357236445FD00B16F2D /* chooser-button-input@2x.png in Resources */,
				AD65B6F823613D9B0007D3DC /* anchorPoint.png in Resources */,
				ADE9B346236445FD00B16F2D /* chooser-moment-icon-place-highlighted@2x.png in Resources */,
				AD9AA2792361D9B000ABC82F /* UIView.md in Resources */,
				ADE9B34B236445FD00B16F2D /* Sparkle.png in Resources */,
				ADE9B349236445FD00B16F2D /* chooser-moment-icon-place@2x.png in Resources */,
				AD9AA2672361C99000ABC82F /* calculationMode.png in Resources */,
				ADE9B358236445FD00B16F2D /* selected.caf in Resources */,
				AD65B6C32361357B0007D3DC /* Assets.xcassets in Resources */,
				AD65B6F623613A4C0007D3DC /* CALayer.md in Resources */,
				ADE9B356236445FD00B16F2D /* chooser-button-tab-highlighted@2x.png in Resources */,
				AD001524236735CF003EFF50 /* CAShapeLayer.md in Resources */,
				ADE9B351236445FD00B16F2D /* chooser-moment-icon-music@2x.png in Resources */,
				ADE9B2F223643DDC00B16F2D /* Advance.storyboard in Resources */,
				AD27154023704A21004DFEAB /* TransitionAnimation.png in Resources */,
				AD9AA25D2361968000ABC82F /* Flipping_coordinate.jpg in Resources */,
				ADE9B348236445FD00B16F2D /* chooser-moment-icon-sleep@2x.png in Resources */,
				AD65B6C1236135780007D3DC /* Basic.storyboard in Resources */,
				ADE9B353236445FD00B16F2D /* chooser-moment-icon-camera@2x.png in Resources */,
				ADE9B34F236445FD00B16F2D /* chooser-moment-icon-thought@2x.png in Resources */,
				ADE9B34A236445FD00B16F2D /* chooser-moment-icon-music-highlighted@2x.png in Resources */,
				ADE9B34C236445FD00B16F2D /* Like-Blue@2x.png in Resources */,
				AD9AA2822361E4A500ABC82F /* CoreAnimation1.png in Resources */,
				ADE9B2F023643DCA00B16F2D /* Main.storyboard in Resources */,
			);
			runOnlyForDeploymentPostprocessing = 0;
		};
		AD65B6CC2361357B0007D3DC /* Resources */ = {
			isa = PBXResourcesBuildPhase;
			buildActionMask = 2147483647;
			files = (
			);
			runOnlyForDeploymentPostprocessing = 0;
		};
		AD65B6D72361357B0007D3DC /* Resources */ = {
			isa = PBXResourcesBuildPhase;
			buildActionMask = 2147483647;
			files = (
			);
			runOnlyForDeploymentPostprocessing = 0;
		};
/* End PBXResourcesBuildPhase section */

/* Begin PBXSourcesBuildPhase section */
		AD65B6B2236135780007D3DC /* Sources */ = {
			isa = PBXSourcesBuildPhase;
			buildActionMask = 2147483647;
			files = (
				AD9AA25423618E2500ABC82F /* CustomLayer.m in Sources */,
				AD65B6F4236138180007D3DC /* CALayerVC.m in Sources */,
				AD27154123704A21004DFEAB /* PopAnimation.m in Sources */,
				AD00152223670DE5003EFF50 /* ProgressVC.m in Sources */,
				ADE9B329236445B600B16F2D /* DCPathCenterButton.m in Sources */,
				AD9AA2702361D08900ABC82F /* TransitionAnimationVC.m in Sources */,
				ADE9B326236445B600B16F2D /* DWBubbleMenuButton.m in Sources */,
				AD27154223704A21004DFEAB /* PushAnimation.m in Sources */,
				ADE9B328236445B600B16F2D /* DCPathItemButton.m in Sources */,
				AD00151F2366EBF3003EFF50 /* DrawQQVC.m in Sources */,
				AD9AA24B23618CD300ABC82F /* DrawInContextVC.m in Sources */,
				AD9AA2772361D82700ABC82F /* SpringAnimationVC.m in Sources */,
				AD271551237068E5004DFEAB /* UIView+Layout.m in Sources */,
				ADE9B30623643FE900B16F2D /* AdvanceNav.m in Sources */,
				AD9AA27F2361DEFB00ABC82F /* TransitionInViewVC.m in Sources */,
				AD9AA26223619B1800ABC82F /* BasicAnimationVC.m in Sources */,
				AD2715982371182D004DFEAB /* RefactorDestructVC.m in Sources */,
				ADE9B30D2364403300B16F2D /* BasicRootVC.m in Sources */,
				AD27154323704A21004DFEAB /* TransitioningVC_A.m in Sources */,
				AD27154723704A4E004DFEAB /* BarrageVC.m in Sources */,
				AD9AA27C2361DBF600ABC82F /* KeyframeInViewVC.m in Sources */,
				ADE9B2EE23642FDB00B16F2D /* AffineTransformVC.m in Sources */,
				AD9AA2732361D59A00ABC82F /* DisplayLinkVC.m in Sources */,
				ADE9B2E82363E7B600B16F2D /* BaseBtnVC.m in Sources */,
				ADE9B32B236445B600B16F2D /* MCFireworksView.m in Sources */,
				ADE9B30723643FE900B16F2D /* BasicNav.m in Sources */,
				AD27154423704A21004DFEAB /* TransitioningVC_B.m in Sources */,
				AD27154A23704B2F004DFEAB /* BarrageView.m in Sources */,
				AD9AA2652361ACC900ABC82F /* KeyFrameAnimationVC.m in Sources */,
				AD27154D23704B3B004DFEAB /* BarrageItem.m in Sources */,
				AD9AA26A2361CA5100ABC82F /* AnimationGroupVC.m in Sources */,
				AD65B6C92361357B0007D3DC /* main.m in Sources */,
				AD506AB4237C505300782CC8 /* TransitioningVC_C.m in Sources */,
				AD9AA25123618E1800ABC82F /* CustomView.m in Sources */,
				ADE9B327236445B600B16F2D /* DCPathButton.m in Sources */,
				AD65B6BB236135780007D3DC /* AppDelegate.m in Sources */,
				ADE9B316236441B700B16F2D /* AdvanceRootVC.m in Sources */,
				ADE9B32A236445B600B16F2D /* MCFireworksButton.m in Sources */,
				AD9AA24223616F8C00ABC82F /* DrawLayerInContextVC.m in Sources */,
			);
			runOnlyForDeploymentPostprocessing = 0;
		};
		AD65B6CA2361357B0007D3DC /* Sources */ = {
			isa = PBXSourcesBuildPhase;
			buildActionMask = 2147483647;
			files = (
				AD65B6D32361357B0007D3DC /* iOSAnimationTests.m in Sources */,
			);
			runOnlyForDeploymentPostprocessing = 0;
		};
		AD65B6D52361357B0007D3DC /* Sources */ = {
			isa = PBXSourcesBuildPhase;
			buildActionMask = 2147483647;
			files = (
				AD65B6DE2361357B0007D3DC /* iOSAnimationUITests.m in Sources */,
			);
			runOnlyForDeploymentPostprocessing = 0;
		};
/* End PBXSourcesBuildPhase section */

/* Begin PBXTargetDependency section */
		AD65B6D02361357B0007D3DC /* PBXTargetDependency */ = {
			isa = PBXTargetDependency;
			target = AD65B6B5236135780007D3DC /* iOSAnimation */;
			targetProxy = AD65B6CF2361357B0007D3DC /* PBXContainerItemProxy */;
		};
		AD65B6DB2361357B0007D3DC /* PBXTargetDependency */ = {
			isa = PBXTargetDependency;
			target = AD65B6B5236135780007D3DC /* iOSAnimation */;
			targetProxy = AD65B6DA2361357B0007D3DC /* PBXContainerItemProxy */;
		};
/* End PBXTargetDependency section */

/* Begin PBXVariantGroup section */
		AD65B6BF236135780007D3DC /* Basic.storyboard */ = {
			isa = PBXVariantGroup;
			children = (
				AD65B6C0236135780007D3DC /* Base */,
			);
			name = Basic.storyboard;
			sourceTree = "<group>";
		};
		AD65B6C42361357B0007D3DC /* LaunchScreen.storyboard */ = {
			isa = PBXVariantGroup;
			children = (
				AD65B6C52361357B0007D3DC /* Base */,
			);
			name = LaunchScreen.storyboard;
			sourceTree = "<group>";
		};
/* End PBXVariantGroup section */

/* Begin XCBuildConfiguration section */
		AD65B6E02361357B0007D3DC /* Debug */ = {
			isa = XCBuildConfiguration;
			buildSettings = {
				ALWAYS_SEARCH_USER_PATHS = NO;
				CLANG_ANALYZER_NONNULL = YES;
				CLANG_ANALYZER_NUMBER_OBJECT_CONVERSION = YES_AGGRESSIVE;
				CLANG_CXX_LANGUAGE_STANDARD = "gnu++14";
				CLANG_CXX_LIBRARY = "libc++";
				CLANG_ENABLE_MODULES = YES;
				CLANG_ENABLE_OBJC_ARC = YES;
				CLANG_ENABLE_OBJC_WEAK = YES;
				CLANG_WARN_BLOCK_CAPTURE_AUTORELEASING = YES;
				CLANG_WARN_BOOL_CONVERSION = YES;
				CLANG_WARN_COMMA = YES;
				CLANG_WARN_CONSTANT_CONVERSION = YES;
				CLANG_WARN_DEPRECATED_OBJC_IMPLEMENTATIONS = YES;
				CLANG_WARN_DIRECT_OBJC_ISA_USAGE = YES_ERROR;
				CLANG_WARN_DOCUMENTATION_COMMENTS = YES;
				CLANG_WARN_EMPTY_BODY = YES;
				CLANG_WARN_ENUM_CONVERSION = YES;
				CLANG_WARN_INFINITE_RECURSION = YES;
				CLANG_WARN_INT_CONVERSION = YES;
				CLANG_WARN_NON_LITERAL_NULL_CONVERSION = YES;
				CLANG_WARN_OBJC_IMPLICIT_RETAIN_SELF = YES;
				CLANG_WARN_OBJC_LITERAL_CONVERSION = YES;
				CLANG_WARN_OBJC_ROOT_CLASS = YES_ERROR;
				CLANG_WARN_RANGE_LOOP_ANALYSIS = YES;
				CLANG_WARN_STRICT_PROTOTYPES = YES;
				CLANG_WARN_SUSPICIOUS_MOVE = YES;
				CLANG_WARN_UNGUARDED_AVAILABILITY = YES_AGGRESSIVE;
				CLANG_WARN_UNREACHABLE_CODE = YES;
				CLANG_WARN__DUPLICATE_METHOD_MATCH = YES;
				CODE_SIGN_IDENTITY = "iPhone Developer";
				COPY_PHASE_STRIP = NO;
				DEBUG_INFORMATION_FORMAT = dwarf;
				ENABLE_STRICT_OBJC_MSGSEND = YES;
				ENABLE_TESTABILITY = YES;
				GCC_C_LANGUAGE_STANDARD = gnu11;
				GCC_DYNAMIC_NO_PIC = NO;
				GCC_NO_COMMON_BLOCKS = YES;
				GCC_OPTIMIZATION_LEVEL = 0;
				GCC_PREPROCESSOR_DEFINITIONS = (
					"DEBUG=1",
					"$(inherited)",
				);
				GCC_WARN_64_TO_32_BIT_CONVERSION = YES;
				GCC_WARN_ABOUT_RETURN_TYPE = YES_ERROR;
				GCC_WARN_UNDECLARED_SELECTOR = YES;
				GCC_WARN_UNINITIALIZED_AUTOS = YES_AGGRESSIVE;
				GCC_WARN_UNUSED_FUNCTION = YES;
				GCC_WARN_UNUSED_VARIABLE = YES;
				IPHONEOS_DEPLOYMENT_TARGET = 12.1;
				MTL_ENABLE_DEBUG_INFO = INCLUDE_SOURCE;
				MTL_FAST_MATH = YES;
				ONLY_ACTIVE_ARCH = YES;
				SDKROOT = iphoneos;
			};
			name = Debug;
		};
		AD65B6E12361357B0007D3DC /* Release */ = {
			isa = XCBuildConfiguration;
			buildSettings = {
				ALWAYS_SEARCH_USER_PATHS = NO;
				CLANG_ANALYZER_NONNULL = YES;
				CLANG_ANALYZER_NUMBER_OBJECT_CONVERSION = YES_AGGRESSIVE;
				CLANG_CXX_LANGUAGE_STANDARD = "gnu++14";
				CLANG_CXX_LIBRARY = "libc++";
				CLANG_ENABLE_MODULES = YES;
				CLANG_ENABLE_OBJC_ARC = YES;
				CLANG_ENABLE_OBJC_WEAK = YES;
				CLANG_WARN_BLOCK_CAPTURE_AUTORELEASING = YES;
				CLANG_WARN_BOOL_CONVERSION = YES;
				CLANG_WARN_COMMA = YES;
				CLANG_WARN_CONSTANT_CONVERSION = YES;
				CLANG_WARN_DEPRECATED_OBJC_IMPLEMENTATIONS = YES;
				CLANG_WARN_DIRECT_OBJC_ISA_USAGE = YES_ERROR;
				CLANG_WARN_DOCUMENTATION_COMMENTS = YES;
				CLANG_WARN_EMPTY_BODY = YES;
				CLANG_WARN_ENUM_CONVERSION = YES;
				CLANG_WARN_INFINITE_RECURSION = YES;
				CLANG_WARN_INT_CONVERSION = YES;
				CLANG_WARN_NON_LITERAL_NULL_CONVERSION = YES;
				CLANG_WARN_OBJC_IMPLICIT_RETAIN_SELF = YES;
				CLANG_WARN_OBJC_LITERAL_CONVERSION = YES;
				CLANG_WARN_OBJC_ROOT_CLASS = YES_ERROR;
				CLANG_WARN_RANGE_LOOP_ANALYSIS = YES;
				CLANG_WARN_STRICT_PROTOTYPES = YES;
				CLANG_WARN_SUSPICIOUS_MOVE = YES;
				CLANG_WARN_UNGUARDED_AVAILABILITY = YES_AGGRESSIVE;
				CLANG_WARN_UNREACHABLE_CODE = YES;
				CLANG_WARN__DUPLICATE_METHOD_MATCH = YES;
				CODE_SIGN_IDENTITY = "iPhone Developer";
				COPY_PHASE_STRIP = NO;
				DEBUG_INFORMATION_FORMAT = "dwarf-with-dsym";
				ENABLE_NS_ASSERTIONS = NO;
				ENABLE_STRICT_OBJC_MSGSEND = YES;
				GCC_C_LANGUAGE_STANDARD = gnu11;
				GCC_NO_COMMON_BLOCKS = YES;
				GCC_WARN_64_TO_32_BIT_CONVERSION = YES;
				GCC_WARN_ABOUT_RETURN_TYPE = YES_ERROR;
				GCC_WARN_UNDECLARED_SELECTOR = YES;
				GCC_WARN_UNINITIALIZED_AUTOS = YES_AGGRESSIVE;
				GCC_WARN_UNUSED_FUNCTION = YES;
				GCC_WARN_UNUSED_VARIABLE = YES;
				IPHONEOS_DEPLOYMENT_TARGET = 12.1;
				MTL_ENABLE_DEBUG_INFO = NO;
				MTL_FAST_MATH = YES;
				SDKROOT = iphoneos;
				VALIDATE_PRODUCT = YES;
			};
			name = Release;
		};
		AD65B6E32361357B0007D3DC /* Debug */ = {
			isa = XCBuildConfiguration;
			buildSettings = {
				ASSETCATALOG_COMPILER_APPICON_NAME = AppIcon;
				CLANG_ENABLE_MODULES = YES;
				CODE_SIGN_STYLE = Automatic;
				DEVELOPMENT_TEAM = 8XF9U638XV;
				GCC_PREFIX_HEADER = "$(SRCROOT)/iOSAnimation/iOSAnimation-PrefixHeader.pch";
				INFOPLIST_FILE = iOSAnimation/Info.plist;
				IPHONEOS_DEPLOYMENT_TARGET = 8.0;
				LD_RUNPATH_SEARCH_PATHS = (
					"$(inherited)",
					"@executable_path/Frameworks",
				);
				OTHER_CFLAGS = "";
				PRODUCT_BUNDLE_IDENTIFIER = com.iOSAnimation;
				PRODUCT_NAME = "$(TARGET_NAME)";
				SWIFT_OBJC_BRIDGING_HEADER = "";
				SWIFT_OBJC_INTERFACE_HEADER_NAME = "";
				SWIFT_OPTIMIZATION_LEVEL = "-Onone";
				SWIFT_VERSION = 4.2;
				TARGETED_DEVICE_FAMILY = "1,2";
			};
			name = Debug;
		};
		AD65B6E42361357B0007D3DC /* Release */ = {
			isa = XCBuildConfiguration;
			buildSettings = {
				ASSETCATALOG_COMPILER_APPICON_NAME = AppIcon;
				CLANG_ENABLE_MODULES = YES;
				CODE_SIGN_STYLE = Automatic;
				DEVELOPMENT_TEAM = 8XF9U638XV;
				GCC_PREFIX_HEADER = "$(SRCROOT)/iOSAnimation/iOSAnimation-PrefixHeader.pch";
				INFOPLIST_FILE = iOSAnimation/Info.plist;
				IPHONEOS_DEPLOYMENT_TARGET = 8.0;
				LD_RUNPATH_SEARCH_PATHS = (
					"$(inherited)",
					"@executable_path/Frameworks",
				);
				OTHER_CFLAGS = "";
				PRODUCT_BUNDLE_IDENTIFIER = com.iOSAnimation;
				PRODUCT_NAME = "$(TARGET_NAME)";
				SWIFT_OBJC_BRIDGING_HEADER = "";
				SWIFT_OBJC_INTERFACE_HEADER_NAME = "";
				SWIFT_VERSION = 4.2;
				TARGETED_DEVICE_FAMILY = "1,2";
			};
			name = Release;
		};
		AD65B6E62361357B0007D3DC /* Debug */ = {
			isa = XCBuildConfiguration;
			buildSettings = {
				BUNDLE_LOADER = "$(TEST_HOST)";
				CODE_SIGN_STYLE = Automatic;
				INFOPLIST_FILE = iOSAnimationTests/Info.plist;
				LD_RUNPATH_SEARCH_PATHS = (
					"$(inherited)",
					"@executable_path/Frameworks",
					"@loader_path/Frameworks",
				);
				PRODUCT_BUNDLE_IDENTIFIER = com.iOSAnimationTests;
				PRODUCT_NAME = "$(TARGET_NAME)";
				TARGETED_DEVICE_FAMILY = "1,2";
				TEST_HOST = "$(BUILT_PRODUCTS_DIR)/iOSAnimation.app/iOSAnimation";
			};
			name = Debug;
		};
		AD65B6E72361357B0007D3DC /* Release */ = {
			isa = XCBuildConfiguration;
			buildSettings = {
				BUNDLE_LOADER = "$(TEST_HOST)";
				CODE_SIGN_STYLE = Automatic;
				INFOPLIST_FILE = iOSAnimationTests/Info.plist;
				LD_RUNPATH_SEARCH_PATHS = (
					"$(inherited)",
					"@executable_path/Frameworks",
					"@loader_path/Frameworks",
				);
				PRODUCT_BUNDLE_IDENTIFIER = com.iOSAnimationTests;
				PRODUCT_NAME = "$(TARGET_NAME)";
				TARGETED_DEVICE_FAMILY = "1,2";
				TEST_HOST = "$(BUILT_PRODUCTS_DIR)/iOSAnimation.app/iOSAnimation";
			};
			name = Release;
		};
		AD65B6E92361357B0007D3DC /* Debug */ = {
			isa = XCBuildConfiguration;
			buildSettings = {
				CODE_SIGN_STYLE = Automatic;
				INFOPLIST_FILE = iOSAnimationUITests/Info.plist;
				LD_RUNPATH_SEARCH_PATHS = (
					"$(inherited)",
					"@executable_path/Frameworks",
					"@loader_path/Frameworks",
				);
				PRODUCT_BUNDLE_IDENTIFIER = com.iOSAnimationUITests;
				PRODUCT_NAME = "$(TARGET_NAME)";
				TARGETED_DEVICE_FAMILY = "1,2";
				TEST_TARGET_NAME = iOSAnimation;
			};
			name = Debug;
		};
		AD65B6EA2361357B0007D3DC /* Release */ = {
			isa = XCBuildConfiguration;
			buildSettings = {
				CODE_SIGN_STYLE = Automatic;
				INFOPLIST_FILE = iOSAnimationUITests/Info.plist;
				LD_RUNPATH_SEARCH_PATHS = (
					"$(inherited)",
					"@executable_path/Frameworks",
					"@loader_path/Frameworks",
				);
				PRODUCT_BUNDLE_IDENTIFIER = com.iOSAnimationUITests;
				PRODUCT_NAME = "$(TARGET_NAME)";
				TARGETED_DEVICE_FAMILY = "1,2";
				TEST_TARGET_NAME = iOSAnimation;
			};
			name = Release;
		};
/* End XCBuildConfiguration section */

/* Begin XCConfigurationList section */
		AD65B6B1236135780007D3DC /* Build configuration list for PBXProject "iOSAnimation" */ = {
			isa = XCConfigurationList;
			buildConfigurations = (
				AD65B6E02361357B0007D3DC /* Debug */,
				AD65B6E12361357B0007D3DC /* Release */,
			);
			defaultConfigurationIsVisible = 0;
			defaultConfigurationName = Release;
		};
		AD65B6E22361357B0007D3DC /* Build configuration list for PBXNativeTarget "iOSAnimation" */ = {
			isa = XCConfigurationList;
			buildConfigurations = (
				AD65B6E32361357B0007D3DC /* Debug */,
				AD65B6E42361357B0007D3DC /* Release */,
			);
			defaultConfigurationIsVisible = 0;
			defaultConfigurationName = Release;
		};
		AD65B6E52361357B0007D3DC /* Build configuration list for PBXNativeTarget "iOSAnimationTests" */ = {
			isa = XCConfigurationList;
			buildConfigurations = (
				AD65B6E62361357B0007D3DC /* Debug */,
				AD65B6E72361357B0007D3DC /* Release */,
			);
			defaultConfigurationIsVisible = 0;
			defaultConfigurationName = Release;
		};
		AD65B6E82361357B0007D3DC /* Build configuration list for PBXNativeTarget "iOSAnimationUITests" */ = {
			isa = XCConfigurationList;
			buildConfigurations = (
				AD65B6E92361357B0007D3DC /* Debug */,
				AD65B6EA2361357B0007D3DC /* Release */,
			);
			defaultConfigurationIsVisible = 0;
			defaultConfigurationName = Release;
		};
/* End XCConfigurationList section */
	};
	rootObject = AD65B6AE236135780007D3DC /* Project object */;
}
